
Microsoft Visual Studio Solution File, Format Version 12.00
# Visual Studio 15
VisualStudioVersion = 15.0.26430.14
MinimumVisualStudioVersion = 10.0.40219.1
Project("{FAE04EC0-301F-11D3-BF4B-00C04F79EFBC}") = "Meetup.Xamarin.Forms.CI.Android", "Meetup.Xamarin.Forms.CI\Meetup.Xamarin.Forms.CI.Android\Meetup.Xamarin.Forms.CI.Android.csproj", "{59B8D817-90AB-464C-B7F9-E2A9EFAD0962}"
EndProject
Project("{FAE04EC0-301F-11D3-BF4B-00C04F79EFBC}") = "Meetup.Xamarin.Forms.CI", "Meetup.Xamarin.Forms.CI\Meetup.Xamarin.Forms.CI\Meetup.Xamarin.Forms.CI.csproj", "{3B36BE45-2660-4B54-85A7-E186523D29C1}"
EndProject
Project("{2150E333-8FDC-42A3-9474-1A3956D46DE8}") = "Xamarin.ServiceLayer", "Xamarin.ServiceLayer", "{E91B540D-CEF0-489D-B88E-9440B2B505DB}"
EndProject
Project("{FAE04EC0-301F-11D3-BF4B-00C04F79EFBC}") = "Xamarin.Service", "Xamarin.Service\Xamarin.Service.csproj", "{67F9D3A8-F71E-4428-913F-C37AE82CDB24}"
EndProject
Project("{2150E333-8FDC-42A3-9474-1A3956D46DE8}") = "Azure.AppService", "Azure.AppService", "{218F9909-36F6-4A95-A9CC-4C42B791B3AA}"
EndProject
Project("{FAE04EC0-301F-11D3-BF4B-00C04F79EFBC}") = "Xamarin.WebApi", "Xamarin.WebApi\Xamarin.WebApi.csproj", "{ADF8F558-BD6C-4460-8D0F-024BAEAA5A6B}"
EndProject
Global
	GlobalSection(SolutionConfigurationPlatforms) = preSolution
		Ad-Hoc|Any CPU = Ad-Hoc|Any CPU
		Ad-Hoc|ARM = Ad-Hoc|ARM
		Ad-Hoc|iPhone = Ad-Hoc|iPhone
		Ad-Hoc|iPhoneSimulator = Ad-Hoc|iPhoneSimulator
		Ad-Hoc|x64 = Ad-Hoc|x64
		Ad-Hoc|x86 = Ad-Hoc|x86
		AppStore|Any CPU = AppStore|Any CPU
		AppStore|ARM = AppStore|ARM
		AppStore|iPhone = AppStore|iPhone
		AppStore|iPhoneSimulator = AppStore|iPhoneSimulator
		AppStore|x64 = AppStore|x64
		AppStore|x86 = AppStore|x86
		Debug|Any CPU = Debug|Any CPU
		Debug|ARM = Debug|ARM
		Debug|iPhone = Debug|iPhone
		Debug|iPhoneSimulator = Debug|iPhoneSimulator
		Debug|x64 = Debug|x64
		Debug|x86 = Debug|x86
		Release|Any CPU = Release|Any CPU
		Release|ARM = Release|ARM
		Release|iPhone = Release|iPhone
		Release|iPhoneSimulator = Release|iPhoneSimulator
		Release|x64 = Release|x64
		Release|x86 = Release|x86
	EndGlobalSection
	GlobalSection(ProjectConfigurationPlatforms) = postSolution
		{59B8D817-90AB-464C-B7F9-E2A9EFAD0962}.Ad-Hoc|Any CPU.ActiveCfg = Release|Any CPU
		{59B8D817-90AB-464C-B7F9-E2A9EFAD0962}.Ad-Hoc|Any CPU.Build.0 = Release|Any CPU
		{59B8D817-90AB-464C-B7F9-E2A9EFAD0962}.Ad-Hoc|Any CPU.Deploy.0 = Release|Any CPU
		{59B8D817-90AB-464C-B7F9-E2A9EFAD0962}.Ad-Hoc|ARM.ActiveCfg = Release|Any CPU
		{59B8D817-90AB-464C-B7F9-E2A9EFAD0962}.Ad-Hoc|ARM.Build.0 = Release|Any CPU
		{59B8D817-90AB-464C-B7F9-E2A9EFAD0962}.Ad-Hoc|ARM.Deploy.0 = Release|Any CPU
		{59B8D817-90AB-464C-B7F9-E2A9EFAD0962}.Ad-Hoc|iPhone.ActiveCfg = Release|Any CPU
		{59B8D817-90AB-464C-B7F9-E2A9EFAD0962}.Ad-Hoc|iPhone.Build.0 = Release|Any CPU
		{59B8D817-90AB-464C-B7F9-E2A9EFAD0962}.Ad-Hoc|iPhone.Deploy.0 = Release|Any CPU
		{59B8D817-90AB-464C-B7F9-E2A9EFAD0962}.Ad-Hoc|iPhoneSimulator.ActiveCfg = Release|Any CPU
		{59B8D817-90AB-464C-B7F9-E2A9EFAD0962}.Ad-Hoc|iPhoneSimulator.Build.0 = Release|Any CPU
		{59B8D817-90AB-464C-B7F9-E2A9EFAD0962}.Ad-Hoc|iPhoneSimulator.Deploy.0 = Release|Any CPU
		{59B8D817-90AB-464C-B7F9-E2A9EFAD0962}.Ad-Hoc|x64.ActiveCfg = Release|Any CPU
		{59B8D817-90AB-464C-B7F9-E2A9EFAD0962}.Ad-Hoc|x64.Build.0 = Release|Any CPU
		{59B8D817-90AB-464C-B7F9-E2A9EFAD0962}.Ad-Hoc|x64.Deploy.0 = Release|Any CPU
		{59B8D817-90AB-464C-B7F9-E2A9EFAD0962}.Ad-Hoc|x86.ActiveCfg = Release|Any CPU
		{59B8D817-90AB-464C-B7F9-E2A9EFAD0962}.Ad-Hoc|x86.Build.0 = Release|Any CPU
		{59B8D817-90AB-464C-B7F9-E2A9EFAD0962}.Ad-Hoc|x86.Deploy.0 = Release|Any CPU
		{59B8D817-90AB-464C-B7F9-E2A9EFAD0962}.AppStore|Any CPU.ActiveCfg = Release|Any CPU
		{59B8D817-90AB-464C-B7F9-E2A9EFAD0962}.AppStore|Any CPU.Build.0 = Release|Any CPU
		{59B8D817-90AB-464C-B7F9-E2A9EFAD0962}.AppStore|Any CPU.Deploy.0 = Release|Any CPU
		{59B8D817-90AB-464C-B7F9-E2A9EFAD0962}.AppStore|ARM.ActiveCfg = Release|Any CPU
		{59B8D817-90AB-464C-B7F9-E2A9EFAD0962}.AppStore|ARM.Build.0 = Release|Any CPU
		{59B8D817-90AB-464C-B7F9-E2A9EFAD0962}.AppStore|ARM.Deploy.0 = Release|Any CPU
		{59B8D817-90AB-464C-B7F9-E2A9EFAD0962}.AppStore|iPhone.ActiveCfg = Release|Any CPU
		{59B8D817-90AB-464C-B7F9-E2A9EFAD0962}.AppStore|iPhone.Build.0 = Release|Any CPU
		{59B8D817-90AB-464C-B7F9-E2A9EFAD0962}.AppStore|iPhone.Deploy.0 = Release|Any CPU
		{59B8D817-90AB-464C-B7F9-E2A9EFAD0962}.AppStore|iPhoneSimulator.ActiveCfg = Release|Any CPU
		{59B8D817-90AB-464C-B7F9-E2A9EFAD0962}.AppStore|iPhoneSimulator.Build.0 = Release|Any CPU
		{59B8D817-90AB-464C-B7F9-E2A9EFAD0962}.AppStore|iPhoneSimulator.Deploy.0 = Release|Any CPU
		{59B8D817-90AB-464C-B7F9-E2A9EFAD0962}.AppStore|x64.ActiveCfg = Release|Any CPU
		{59B8D817-90AB-464C-B7F9-E2A9EFAD0962}.AppStore|x64.Build.0 = Release|Any CPU
		{59B8D817-90AB-464C-B7F9-E2A9EFAD0962}.AppStore|x64.Deploy.0 = Release|Any CPU
		{59B8D817-90AB-464C-B7F9-E2A9EFAD0962}.AppStore|x86.ActiveCfg = Release|Any CPU
		{59B8D817-90AB-464C-B7F9-E2A9EFAD0962}.AppStore|x86.Build.0 = Release|Any CPU
		{59B8D817-90AB-464C-B7F9-E2A9EFAD0962}.AppStore|x86.Deploy.0 = Release|Any CPU
		{59B8D817-90AB-464C-B7F9-E2A9EFAD0962}.Debug|Any CPU.ActiveCfg = Debug|Any CPU
		{59B8D817-90AB-464C-B7F9-E2A9EFAD0962}.Debug|Any CPU.Build.0 = Debug|Any CPU
		{59B8D817-90AB-464C-B7F9-E2A9EFAD0962}.Debug|Any CPU.Deploy.0 = Debug|Any CPU
		{59B8D817-90AB-464C-B7F9-E2A9EFAD0962}.Debug|ARM.ActiveCfg = Debug|Any CPU
		{59B8D817-90AB-464C-B7F9-E2A9EFAD0962}.Debug|ARM.Build.0 = Debug|Any CPU
		{59B8D817-90AB-464C-B7F9-E2A9EFAD0962}.Debug|ARM.Deploy.0 = Debug|Any CPU
		{59B8D817-90AB-464C-B7F9-E2A9EFAD0962}.Debug|iPhone.ActiveCfg = Debug|Any CPU
		{59B8D817-90AB-464C-B7F9-E2A9EFAD0962}.Debug|iPhone.Build.0 = Debug|Any CPU
		{59B8D817-90AB-464C-B7F9-E2A9EFAD0962}.Debug|iPhone.Deploy.0 = Debug|Any CPU
		{59B8D817-90AB-464C-B7F9-E2A9EFAD0962}.Debug|iPhoneSimulator.ActiveCfg = Debug|Any CPU
		{59B8D817-90AB-464C-B7F9-E2A9EFAD0962}.Debug|iPhoneSimulator.Build.0 = Debug|Any CPU
		{59B8D817-90AB-464C-B7F9-E2A9EFAD0962}.Debug|iPhoneSimulator.Deploy.0 = Debug|Any CPU
		{59B8D817-90AB-464C-B7F9-E2A9EFAD0962}.Debug|x64.ActiveCfg = Debug|Any CPU
		{59B8D817-90AB-464C-B7F9-E2A9EFAD0962}.Debug|x64.Build.0 = Debug|Any CPU
		{59B8D817-90AB-464C-B7F9-E2A9EFAD0962}.Debug|x64.Deploy.0 = Debug|Any CPU
		{59B8D817-90AB-464C-B7F9-E2A9EFAD0962}.Debug|x86.ActiveCfg = Debug|Any CPU
		{59B8D817-90AB-464C-B7F9-E2A9EFAD0962}.Debug|x86.Build.0 = Debug|Any CPU
		{59B8D817-90AB-464C-B7F9-E2A9EFAD0962}.Debug|x86.Deploy.0 = Debug|Any CPU
		{59B8D817-90AB-464C-B7F9-E2A9EFAD0962}.Release|Any CPU.ActiveCfg = Release|Any CPU
		{59B8D817-90AB-464C-B7F9-E2A9EFAD0962}.Release|Any CPU.Build.0 = Release|Any CPU
		{59B8D817-90AB-464C-B7F9-E2A9EFAD0962}.Release|Any CPU.Deploy.0 = Release|Any CPU
		{59B8D817-90AB-464C-B7F9-E2A9EFAD0962}.Release|ARM.ActiveCfg = Release|Any CPU
		{59B8D817-90AB-464C-B7F9-E2A9EFAD0962}.Release|ARM.Build.0 = Release|Any CPU
		{59B8D817-90AB-464C-B7F9-E2A9EFAD0962}.Release|ARM.Deploy.0 = Release|Any CPU
		{59B8D817-90AB-464C-B7F9-E2A9EFAD0962}.Release|iPhone.ActiveCfg = Release|Any CPU
		{59B8D817-90AB-464C-B7F9-E2A9EFAD0962}.Release|iPhone.Build.0 = Release|Any CPU
		{59B8D817-90AB-464C-B7F9-E2A9EFAD0962}.Release|iPhone.Deploy.0 = Release|Any CPU
		{59B8D817-90AB-464C-B7F9-E2A9EFAD0962}.Release|iPhoneSimulator.ActiveCfg = Release|Any CPU
		{59B8D817-90AB-464C-B7F9-E2A9EFAD0962}.Release|iPhoneSimulator.Build.0 = Release|Any CPU
		{59B8D817-90AB-464C-B7F9-E2A9EFAD0962}.Release|iPhoneSimulator.Deploy.0 = Release|Any CPU
		{59B8D817-90AB-464C-B7F9-E2A9EFAD0962}.Release|x64.ActiveCfg = Release|Any CPU
		{59B8D817-90AB-464C-B7F9-E2A9EFAD0962}.Release|x64.Build.0 = Release|Any CPU
		{59B8D817-90AB-464C-B7F9-E2A9EFAD0962}.Release|x64.Deploy.0 = Release|Any CPU
		{59B8D817-90AB-464C-B7F9-E2A9EFAD0962}.Release|x86.ActiveCfg = Release|Any CPU
		{59B8D817-90AB-464C-B7F9-E2A9EFAD0962}.Release|x86.Build.0 = Release|Any CPU
		{59B8D817-90AB-464C-B7F9-E2A9EFAD0962}.Release|x86.Deploy.0 = Release|Any CPU
		{3B36BE45-2660-4B54-85A7-E186523D29C1}.Ad-Hoc|Any CPU.ActiveCfg = Release|Any CPU
		{3B36BE45-2660-4B54-85A7-E186523D29C1}.Ad-Hoc|Any CPU.Build.0 = Release|Any CPU
		{3B36BE45-2660-4B54-85A7-E186523D29C1}.Ad-Hoc|ARM.ActiveCfg = Release|Any CPU
		{3B36BE45-2660-4B54-85A7-E186523D29C1}.Ad-Hoc|ARM.Build.0 = Release|Any CPU
		{3B36BE45-2660-4B54-85A7-E186523D29C1}.Ad-Hoc|iPhone.ActiveCfg = Release|Any CPU
		{3B36BE45-2660-4B54-85A7-E186523D29C1}.Ad-Hoc|iPhone.Build.0 = Release|Any CPU
		{3B36BE45-2660-4B54-85A7-E186523D29C1}.Ad-Hoc|iPhoneSimulator.ActiveCfg = Release|Any CPU
		{3B36BE45-2660-4B54-85A7-E186523D29C1}.Ad-Hoc|iPhoneSimulator.Build.0 = Release|Any CPU
		{3B36BE45-2660-4B54-85A7-E186523D29C1}.Ad-Hoc|x64.ActiveCfg = Release|Any CPU
		{3B36BE45-2660-4B54-85A7-E186523D29C1}.Ad-Hoc|x64.Build.0 = Release|Any CPU
		{3B36BE45-2660-4B54-85A7-E186523D29C1}.Ad-Hoc|x86.ActiveCfg = Release|Any CPU
		{3B36BE45-2660-4B54-85A7-E186523D29C1}.Ad-Hoc|x86.Build.0 = Release|Any CPU
		{3B36BE45-2660-4B54-85A7-E186523D29C1}.AppStore|Any CPU.ActiveCfg = Release|Any CPU
		{3B36BE45-2660-4B54-85A7-E186523D29C1}.AppStore|Any CPU.Build.0 = Release|Any CPU
		{3B36BE45-2660-4B54-85A7-E186523D29C1}.AppStore|ARM.ActiveCfg = Release|Any CPU
		{3B36BE45-2660-4B54-85A7-E186523D29C1}.AppStore|ARM.Build.0 = Release|Any CPU
		{3B36BE45-2660-4B54-85A7-E186523D29C1}.AppStore|iPhone.ActiveCfg = Release|Any CPU
		{3B36BE45-2660-4B54-85A7-E186523D29C1}.AppStore|iPhone.Build.0 = Release|Any CPU
		{3B36BE45-2660-4B54-85A7-E186523D29C1}.AppStore|iPhoneSimulator.ActiveCfg = Release|Any CPU
		{3B36BE45-2660-4B54-85A7-E186523D29C1}.AppStore|iPhoneSimulator.Build.0 = Release|Any CPU
		{3B36BE45-2660-4B54-85A7-E186523D29C1}.AppStore|x64.ActiveCfg = Release|Any CPU
		{3B36BE45-2660-4B54-85A7-E186523D29C1}.AppStore|x64.Build.0 = Release|Any CPU
		{3B36BE45-2660-4B54-85A7-E186523D29C1}.AppStore|x86.ActiveCfg = Release|Any CPU
		{3B36BE45-2660-4B54-85A7-E186523D29C1}.AppStore|x86.Build.0 = Release|Any CPU
		{3B36BE45-2660-4B54-85A7-E186523D29C1}.Debug|Any CPU.ActiveCfg = Debug|Any CPU
		{3B36BE45-2660-4B54-85A7-E186523D29C1}.Debug|Any CPU.Build.0 = Debug|Any CPU
		{3B36BE45-2660-4B54-85A7-E186523D29C1}.Debug|ARM.ActiveCfg = Debug|Any CPU
		{3B36BE45-2660-4B54-85A7-E186523D29C1}.Debug|ARM.Build.0 = Debug|Any CPU
		{3B36BE45-2660-4B54-85A7-E186523D29C1}.Debug|iPhone.ActiveCfg = Debug|Any CPU
		{3B36BE45-2660-4B54-85A7-E186523D29C1}.Debug|iPhone.Build.0 = Debug|Any CPU
		{3B36BE45-2660-4B54-85A7-E186523D29C1}.Debug|iPhoneSimulator.ActiveCfg = Debug|Any CPU
		{3B36BE45-2660-4B54-85A7-E186523D29C1}.Debug|iPhoneSimulator.Build.0 = Debug|Any CPU
		{3B36BE45-2660-4B54-85A7-E186523D29C1}.Debug|x64.ActiveCfg = Debug|Any CPU
		{3B36BE45-2660-4B54-85A7-E186523D29C1}.Debug|x64.Build.0 = Debug|Any CPU
		{3B36BE45-2660-4B54-85A7-E186523D29C1}.Debug|x86.ActiveCfg = Debug|Any CPU
		{3B36BE45-2660-4B54-85A7-E186523D29C1}.Debug|x86.Build.0 = Debug|Any CPU
		{3B36BE45-2660-4B54-85A7-E186523D29C1}.Release|Any CPU.ActiveCfg = Release|Any CPU
		{3B36BE45-2660-4B54-85A7-E186523D29C1}.Release|Any CPU.Build.0 = Release|Any CPU
		{3B36BE45-2660-4B54-85A7-E186523D29C1}.Release|ARM.ActiveCfg = Release|Any CPU
		{3B36BE45-2660-4B54-85A7-E186523D29C1}.Release|ARM.Build.0 = Release|Any CPU
		{3B36BE45-2660-4B54-85A7-E186523D29C1}.Release|iPhone.ActiveCfg = Release|Any CPU
		{3B36BE45-2660-4B54-85A7-E186523D29C1}.Release|iPhone.Build.0 = Release|Any CPU
		{3B36BE45-2660-4B54-85A7-E186523D29C1}.Release|iPhoneSimulator.ActiveCfg = Release|Any CPU
		{3B36BE45-2660-4B54-85A7-E186523D29C1}.Release|iPhoneSimulator.Build.0 = Release|Any CPU
		{3B36BE45-2660-4B54-85A7-E186523D29C1}.Release|x64.ActiveCfg = Release|Any CPU
		{3B36BE45-2660-4B54-85A7-E186523D29C1}.Release|x64.Build.0 = Release|Any CPU
		{3B36BE45-2660-4B54-85A7-E186523D29C1}.Release|x86.ActiveCfg = Release|Any CPU
		{3B36BE45-2660-4B54-85A7-E186523D29C1}.Release|x86.Build.0 = Release|Any CPU
		{67F9D3A8-F71E-4428-913F-C37AE82CDB24}.Ad-Hoc|Any CPU.ActiveCfg = Release|Any CPU
		{67F9D3A8-F71E-4428-913F-C37AE82CDB24}.Ad-Hoc|Any CPU.Build.0 = Release|Any CPU
		{67F9D3A8-F71E-4428-913F-C37AE82CDB24}.Ad-Hoc|ARM.ActiveCfg = Release|Any CPU
		{67F9D3A8-F71E-4428-913F-C37AE82CDB24}.Ad-Hoc|ARM.Build.0 = Release|Any CPU
		{67F9D3A8-F71E-4428-913F-C37AE82CDB24}.Ad-Hoc|iPhone.ActiveCfg = Release|Any CPU
		{67F9D3A8-F71E-4428-913F-C37AE82CDB24}.Ad-Hoc|iPhone.Build.0 = Release|Any CPU
		{67F9D3A8-F71E-4428-913F-C37AE82CDB24}.Ad-Hoc|iPhoneSimulator.ActiveCfg = Release|Any CPU
		{67F9D3A8-F71E-4428-913F-C37AE82CDB24}.Ad-Hoc|iPhoneSimulator.Build.0 = Release|Any CPU
		{67F9D3A8-F71E-4428-913F-C37AE82CDB24}.Ad-Hoc|x64.ActiveCfg = Release|Any CPU
		{67F9D3A8-F71E-4428-913F-C37AE82CDB24}.Ad-Hoc|x64.Build.0 = Release|Any CPU
		{67F9D3A8-F71E-4428-913F-C37AE82CDB24}.Ad-Hoc|x86.ActiveCfg = Release|Any CPU
		{67F9D3A8-F71E-4428-913F-C37AE82CDB24}.Ad-Hoc|x86.Build.0 = Release|Any CPU
		{67F9D3A8-F71E-4428-913F-C37AE82CDB24}.AppStore|Any CPU.ActiveCfg = Release|Any CPU
		{67F9D3A8-F71E-4428-913F-C37AE82CDB24}.AppStore|Any CPU.Build.0 = Release|Any CPU
		{67F9D3A8-F71E-4428-913F-C37AE82CDB24}.AppStore|ARM.ActiveCfg = Release|Any CPU
		{67F9D3A8-F71E-4428-913F-C37AE82CDB24}.AppStore|ARM.Build.0 = Release|Any CPU
		{67F9D3A8-F71E-4428-913F-C37AE82CDB24}.AppStore|iPhone.ActiveCfg = Release|Any CPU
		{67F9D3A8-F71E-4428-913F-C37AE82CDB24}.AppStore|iPhone.Build.0 = Release|Any CPU
		{67F9D3A8-F71E-4428-913F-C37AE82CDB24}.AppStore|iPhoneSimulator.ActiveCfg = Release|Any CPU
		{67F9D3A8-F71E-4428-913F-C37AE82CDB24}.AppStore|iPhoneSimulator.Build.0 = Release|Any CPU
		{67F9D3A8-F71E-4428-913F-C37AE82CDB24}.AppStore|x64.ActiveCfg = Release|Any CPU
		{67F9D3A8-F71E-4428-913F-C37AE82CDB24}.AppStore|x64.Build.0 = Release|Any CPU
		{67F9D3A8-F71E-4428-913F-C37AE82CDB24}.AppStore|x86.ActiveCfg = Release|Any CPU
		{67F9D3A8-F71E-4428-913F-C37AE82CDB24}.AppStore|x86.Build.0 = Release|Any CPU
		{67F9D3A8-F71E-4428-913F-C37AE82CDB24}.Debug|Any CPU.ActiveCfg = Debug|Any CPU
		{67F9D3A8-F71E-4428-913F-C37AE82CDB24}.Debug|Any CPU.Build.0 = Debug|Any CPU
		{67F9D3A8-F71E-4428-913F-C37AE82CDB24}.Debug|ARM.ActiveCfg = Debug|Any CPU
		{67F9D3A8-F71E-4428-913F-C37AE82CDB24}.Debug|ARM.Build.0 = Debug|Any CPU
		{67F9D3A8-F71E-4428-913F-C37AE82CDB24}.Debug|iPhone.ActiveCfg = Debug|Any CPU
		{67F9D3A8-F71E-4428-913F-C37AE82CDB24}.Debug|iPhone.Build.0 = Debug|Any CPU
		{67F9D3A8-F71E-4428-913F-C37AE82CDB24}.Debug|iPhoneSimulator.ActiveCfg = Debug|Any CPU
		{67F9D3A8-F71E-4428-913F-C37AE82CDB24}.Debug|iPhoneSimulator.Build.0 = Debug|Any CPU
		{67F9D3A8-F71E-4428-913F-C37AE82CDB24}.Debug|x64.ActiveCfg = Debug|Any CPU
		{67F9D3A8-F71E-4428-913F-C37AE82CDB24}.Debug|x64.Build.0 = Debug|Any CPU
		{67F9D3A8-F71E-4428-913F-C37AE82CDB24}.Debug|x86.ActiveCfg = Debug|Any CPU
		{67F9D3A8-F71E-4428-913F-C37AE82CDB24}.Debug|x86.Build.0 = Debug|Any CPU
		{67F9D3A8-F71E-4428-913F-C37AE82CDB24}.Release|Any CPU.ActiveCfg = Release|Any CPU
		{67F9D3A8-F71E-4428-913F-C37AE82CDB24}.Release|Any CPU.Build.0 = Release|Any CPU
		{67F9D3A8-F71E-4428-913F-C37AE82CDB24}.Release|ARM.ActiveCfg = Release|Any CPU
		{67F9D3A8-F71E-4428-913F-C37AE82CDB24}.Release|ARM.Build.0 = Release|Any CPU
		{67F9D3A8-F71E-4428-913F-C37AE82CDB24}.Release|iPhone.ActiveCfg = Release|Any CPU
		{67F9D3A8-F71E-4428-913F-C37AE82CDB24}.Release|iPhone.Build.0 = Release|Any CPU
		{67F9D3A8-F71E-4428-913F-C37AE82CDB24}.Release|iPhoneSimulator.ActiveCfg = Release|Any CPU
		{67F9D3A8-F71E-4428-913F-C37AE82CDB24}.Release|iPhoneSimulator.Build.0 = Release|Any CPU
		{67F9D3A8-F71E-4428-913F-C37AE82CDB24}.Release|x64.ActiveCfg = Release|Any CPU
		{67F9D3A8-F71E-4428-913F-C37AE82CDB24}.Release|x64.Build.0 = Release|Any CPU
		{67F9D3A8-F71E-4428-913F-C37AE82CDB24}.Release|x86.ActiveCfg = Release|Any CPU
		{67F9D3A8-F71E-4428-913F-C37AE82CDB24}.Release|x86.Build.0 = Release|Any CPU
		{ADF8F558-BD6C-4460-8D0F-024BAEAA5A6B}.Ad-Hoc|Any CPU.ActiveCfg = Release|Any CPU
		{ADF8F558-BD6C-4460-8D0F-024BAEAA5A6B}.Ad-Hoc|Any CPU.Build.0 = Release|Any CPU
		{ADF8F558-BD6C-4460-8D0F-024BAEAA5A6B}.Ad-Hoc|ARM.ActiveCfg = Release|Any CPU
		{ADF8F558-BD6C-4460-8D0F-024BAEAA5A6B}.Ad-Hoc|ARM.Build.0 = Release|Any CPU
		{ADF8F558-BD6C-4460-8D0F-024BAEAA5A6B}.Ad-Hoc|iPhone.ActiveCfg = Release|Any CPU
		{ADF8F558-BD6C-4460-8D0F-024BAEAA5A6B}.Ad-Hoc|iPhone.Build.0 = Release|Any CPU
		{ADF8F558-BD6C-4460-8D0F-024BAEAA5A6B}.Ad-Hoc|iPhoneSimulator.ActiveCfg = Release|Any CPU
		{ADF8F558-BD6C-4460-8D0F-024BAEAA5A6B}.Ad-Hoc|iPhoneSimulator.Build.0 = Release|Any CPU
		{ADF8F558-BD6C-4460-8D0F-024BAEAA5A6B}.Ad-Hoc|x64.ActiveCfg = Release|Any CPU
		{ADF8F558-BD6C-4460-8D0F-024BAEAA5A6B}.Ad-Hoc|x64.Build.0 = Release|Any CPU
		{ADF8F558-BD6C-4460-8D0F-024BAEAA5A6B}.Ad-Hoc|x86.ActiveCfg = Release|Any CPU
		{ADF8F558-BD6C-4460-8D0F-024BAEAA5A6B}.Ad-Hoc|x86.Build.0 = Release|Any CPU
		{ADF8F558-BD6C-4460-8D0F-024BAEAA5A6B}.AppStore|Any CPU.ActiveCfg = Release|Any CPU
		{ADF8F558-BD6C-4460-8D0F-024BAEAA5A6B}.AppStore|Any CPU.Build.0 = Release|Any CPU
		{ADF8F558-BD6C-4460-8D0F-024BAEAA5A6B}.AppStore|ARM.ActiveCfg = Release|Any CPU
		{ADF8F558-BD6C-4460-8D0F-024BAEAA5A6B}.AppStore|ARM.Build.0 = Release|Any CPU
		{ADF8F558-BD6C-4460-8D0F-024BAEAA5A6B}.AppStore|iPhone.ActiveCfg = Release|Any CPU
		{ADF8F558-BD6C-4460-8D0F-024BAEAA5A6B}.AppStore|iPhone.Build.0 = Release|Any CPU
		{ADF8F558-BD6C-4460-8D0F-024BAEAA5A6B}.AppStore|iPhoneSimulator.ActiveCfg = Release|Any CPU
		{ADF8F558-BD6C-4460-8D0F-024BAEAA5A6B}.AppStore|iPhoneSimulator.Build.0 = Release|Any CPU
		{ADF8F558-BD6C-4460-8D0F-024BAEAA5A6B}.AppStore|x64.ActiveCfg = Release|Any CPU
		{ADF8F558-BD6C-4460-8D0F-024BAEAA5A6B}.AppStore|x64.Build.0 = Release|Any CPU
		{ADF8F558-BD6C-4460-8D0F-024BAEAA5A6B}.AppStore|x86.ActiveCfg = Release|Any CPU
		{ADF8F558-BD6C-4460-8D0F-024BAEAA5A6B}.AppStore|x86.Build.0 = Release|Any CPU
		{ADF8F558-BD6C-4460-8D0F-024BAEAA5A6B}.Debug|Any CPU.ActiveCfg = Debug|Any CPU
		{ADF8F558-BD6C-4460-8D0F-024BAEAA5A6B}.Debug|Any CPU.Build.0 = Debug|Any CPU
		{ADF8F558-BD6C-4460-8D0F-024BAEAA5A6B}.Debug|ARM.ActiveCfg = Debug|Any CPU
		{ADF8F558-BD6C-4460-8D0F-024BAEAA5A6B}.Debug|ARM.Build.0 = Debug|Any CPU
		{ADF8F558-BD6C-4460-8D0F-024BAEAA5A6B}.Debug|iPhone.ActiveCfg = Debug|Any CPU
		{ADF8F558-BD6C-4460-8D0F-024BAEAA5A6B}.Debug|iPhone.Build.0 = Debug|Any CPU
		{ADF8F558-BD6C-4460-8D0F-024BAEAA5A6B}.Debug|iPhoneSimulator.ActiveCfg = Debug|Any CPU
		{ADF8F558-BD6C-4460-8D0F-024BAEAA5A6B}.Debug|iPhoneSimulator.Build.0 = Debug|Any CPU
		{ADF8F558-BD6C-4460-8D0F-024BAEAA5A6B}.Debug|x64.ActiveCfg = Debug|Any CPU
		{ADF8F558-BD6C-4460-8D0F-024BAEAA5A6B}.Debug|x64.Build.0 = Debug|Any CPU
		{ADF8F558-BD6C-4460-8D0F-024BAEAA5A6B}.Debug|x86.ActiveCfg = Debug|Any CPU
		{ADF8F558-BD6C-4460-8D0F-024BAEAA5A6B}.Debug|x86.Build.0 = Debug|Any CPU
		{ADF8F558-BD6C-4460-8D0F-024BAEAA5A6B}.Release|Any CPU.ActiveCfg = Release|Any CPU
		{ADF8F558-BD6C-4460-8D0F-024BAEAA5A6B}.Release|Any CPU.Build.0 = Release|Any CPU
		{ADF8F558-BD6C-4460-8D0F-024BAEAA5A6B}.Release|ARM.ActiveCfg = Release|Any CPU
		{ADF8F558-BD6C-4460-8D0F-024BAEAA5A6B}.Release|ARM.Build.0 = Release|Any CPU
		{ADF8F558-BD6C-4460-8D0F-024BAEAA5A6B}.Release|iPhone.ActiveCfg = Release|Any CPU
		{ADF8F558-BD6C-4460-8D0F-024BAEAA5A6B}.Release|iPhone.Build.0 = Release|Any CPU
		{ADF8F558-BD6C-4460-8D0F-024BAEAA5A6B}.Release|iPhoneSimulator.ActiveCfg = Release|Any CPU
		{ADF8F558-BD6C-4460-8D0F-024BAEAA5A6B}.Release|iPhoneSimulator.Build.0 = Release|Any CPU
		{ADF8F558-BD6C-4460-8D0F-024BAEAA5A6B}.Release|x64.ActiveCfg = Release|Any CPU
		{ADF8F558-BD6C-4460-8D0F-024BAEAA5A6B}.Release|x64.Build.0 = Release|Any CPU
		{ADF8F558-BD6C-4460-8D0F-024BAEAA5A6B}.Release|x86.ActiveCfg = Release|Any CPU
		{ADF8F558-BD6C-4460-8D0F-024BAEAA5A6B}.Release|x86.Build.0 = Release|Any CPU
	EndGlobalSection
	GlobalSection(SolutionProperties) = preSolution
		HideSolutionNode = FALSE
	EndGlobalSection
	GlobalSection(NestedProjects) = preSolution
		{67F9D3A8-F71E-4428-913F-C37AE82CDB24} = {E91B540D-CEF0-489D-B88E-9440B2B505DB}
		{ADF8F558-BD6C-4460-8D0F-024BAEAA5A6B} = {218F9909-36F6-4A95-A9CC-4C42B791B3AA}
	EndGlobalSection
	GlobalSection(TeamFoundationVersionControl) = preSolution
		SccNumberOfProjects = 5
		SccEnterpriseProvider = {4CA58AB2-18FA-4F8D-95D4-32DDF27D184C}
		SccTeamFoundationServer = https://kodran.visualstudio.com/defaultcollection
		SccLocalPath0 = .
		SccProjectUniqueName1 = Meetup.Xamarin.Forms.CI\\Meetup.Xamarin.Forms.CI.Android\\Meetup.Xamarin.Forms.CI.Android.csproj
		SccProjectName1 = Meetup.Xamarin.Forms.CI/Meetup.Xamarin.Forms.CI.Android
		SccLocalPath1 = Meetup.Xamarin.Forms.CI\\Meetup.Xamarin.Forms.CI.Android
		SccProjectUniqueName2 = Meetup.Xamarin.Forms.CI\\Meetup.Xamarin.Forms.CI\\Meetup.Xamarin.Forms.CI.csproj
		SccProjectName2 = Meetup.Xamarin.Forms.CI/Meetup.Xamarin.Forms.CI
		SccLocalPath2 = Meetup.Xamarin.Forms.CI\\Meetup.Xamarin.Forms.CI
		SccProjectUniqueName3 = Xamarin.Service\\Xamarin.Service.csproj
		SccProjectTopLevelParentUniqueName3 = Meetup.Xamarin.Forms.CI.sln
		SccProjectName3 = Xamarin.Service
		SccLocalPath3 = Xamarin.Service
		SccProjectUniqueName4 = Xamarin.WebApi\\Xamarin.WebApi.csproj
		SccProjectTopLevelParentUniqueName4 = Meetup.Xamarin.Forms.CI.sln
		SccProjectName4 = Xamarin.WebApi
		SccLocalPath4 = Xamarin.WebApi
	EndGlobalSection
EndGlobal
